Microsoft Visual Studio Solution File, Format Version 12.00
# Visual Studio Version 17
VisualStudioVersion = 17.5.2.0
MinimumVisualStudioVersion = 10.0.40219.1
Project("{FAE04EC0-301F-11D3-BF4B-00C04F79EFBC}") = "EveOnlineBot", "EveOnlineBot.csproj", "{156D47C3-4602-D8D1-F261-4749665D5BC2}"
EndProject
Global
	GlobalSection(SolutionConfigurationPlatforms) = preSolution
		Debug|Any CPU = Debug|Any CPU
		Release|Any CPU = Release|Any CPU
	EndGlobalSection
	GlobalSection(ProjectConfigurationPlatforms) = postSolution
		{156D47C3-4602-D8D1-F261-4749665D5BC2}.Debug|Any CPU.ActiveCfg = Debug|Any CPU
		{156D47C3-4602-D8D1-F261-4749665D5BC2}.Debug|Any CPU.Build.0 = Debug|Any CPU
		{156D47C3-4602-D8D1-F261-4749665D5BC2}.Release|Any CPU.ActiveCfg = Release|Any CPU
		{156D47C3-4602-D8D1-F261-4749665D5BC2}.Release|Any CPU.Build.0 = Release|Any CPU
	EndGlobalSection
	GlobalSection(SolutionProperties) = preSolution
		HideSolutionNode = FALSE
	EndGlobalSection
	GlobalSection(ExtensibilityGlobals) = postSolution
		SolutionGuid = {FE76E536-DA4D-4A4F-B3FC-DA520E9C09EF}
	EndGlobalSection
EndGlobal
